<?xml version="1.0" encoding="utf-8"?>
<Project ToolsVersion="4.0" xmlns="http://schemas.microsoft.com/developer/msbuild/2003">
  <ItemGroup>
    <ClCompile Include="..\..\..\addons\ofxGui\src\ofxBaseGui.cpp">
      <Filter>addons\ofxGui\src</Filter>
    </ClCompile>
    <ClCompile Include="..\..\..\addons\ofxGui\src\ofxButton.cpp">
      <Filter>addons\ofxGui\src</Filter>
    </ClCompile>
    <ClCompile Include="..\..\..\addons\ofxGui\src\ofxGuiGroup.cpp">
      <Filter>addons\ofxGui\src</Filter>
    </ClCompile>
    <ClCompile Include="..\..\..\addons\ofxGui\src\ofxLabel.cpp">
      <Filter>addons\ofxGui\src</Filter>
    </ClCompile>
    <ClCompile Include="..\..\..\addons\ofxGui\src\ofxPanel.cpp">
      <Filter>addons\ofxGui\src</Filter>
    </ClCompile>
    <ClCompile Include="..\..\..\addons\ofxGui\src\ofxSlider.cpp">
      <Filter>addons\ofxGui\src</Filter>
    </ClCompile>
    <ClCompile Include="..\..\..\addons\ofxGui\src\ofxSliderGroup.cpp">
      <Filter>addons\ofxGui\src</Filter>
    </ClCompile>
    <ClCompile Include="..\..\..\addons\ofxGui\src\ofxToggle.cpp">
      <Filter>addons\ofxGui\src</Filter>
    </ClCompile>
    <ClCompile Include="src\main.cpp">
      <Filter>src</Filter>
    </ClCompile>
    <ClCompile Include="src\ofApp.cpp">
      <Filter>src</Filter>
    </ClCompile>
    <ClCompile Include="src\Utils\FboPingPong.cpp">
      <Filter>src\Utils</Filter>
    </ClCompile>
    <ClCompile Include="src\Utils\ofEasyCamExt.cpp">
      <Filter>src\Utils</Filter>
    </ClCompile>
  </ItemGroup>
  <ItemGroup>
    <Filter Include="src">
      <UniqueIdentifier>{d8376475-7454-4a24-b08a-aac121d3ad6f}</UniqueIdentifier>
    </Filter>
    <Filter Include="addons">
      <UniqueIdentifier>{71834F65-F3A9-211E-73B8-DC85}</UniqueIdentifier>
    </Filter>
    <Filter Include="addons\ofxGui">
      <UniqueIdentifier>{4F2A59AF-5F4E-704B-D067-EC13}</UniqueIdentifier>
    </Filter>
    <Filter Include="addons\ofxGui\src">
      <UniqueIdentifier>{645E9533-4DCD-6179-1CDF-CB65}</UniqueIdentifier>
    </Filter>
    <Filter Include="Settings">
      <UniqueIdentifier>{50abfa32-f73c-4124-96e1-fee6cdd5f740}</UniqueIdentifier>
    </Filter>
    <Filter Include="src\Math">
      <UniqueIdentifier>{9d8b1716-2396-417f-a1d2-9ab850ea3f35}</UniqueIdentifier>
    </Filter>
    <Filter Include="src\Utils">
      <UniqueIdentifier>{28d56360-3a72-40ff-9714-d925a9f9318e}</UniqueIdentifier>
    </Filter>
    <Filter Include="src\Utils\Cameras">
      <UniqueIdentifier>{dd9b3573-2196-41a4-85d8-24052f2abb14}</UniqueIdentifier>
    </Filter>
    <Filter Include="Shaders">
      <UniqueIdentifier>{9aef63f0-6462-483e-945e-1c0f84f98b33}</UniqueIdentifier>
    </Filter>
    <Filter Include="Shaders\Tendrils">
      <UniqueIdentifier>{5ff3eb77-6fd5-48d3-925d-10e5d815a2cb}</UniqueIdentifier>
    </Filter>
    <Filter Include="Shaders\Tendrils\GL2">
      <UniqueIdentifier>{44e36140-da18-4ca0-bc09-acc533a03a73}</UniqueIdentifier>
    </Filter>
  </ItemGroup>
  <ItemGroup>
    <ClInclude Include="..\..\..\addons\ofxGui\src\ofxBaseGui.h">
      <Filter>addons\ofxGui\src</Filter>
    </ClInclude>
    <ClInclude Include="..\..\..\addons\ofxGui\src\ofxButton.h">
      <Filter>addons\ofxGui\src</Filter>
    </ClInclude>
    <ClInclude Include="..\..\..\addons\ofxGui\src\ofxGui.h">
      <Filter>addons\ofxGui\src</Filter>
    </ClInclude>
    <ClInclude Include="..\..\..\addons\ofxGui\src\ofxGuiGroup.h">
      <Filter>addons\ofxGui\src</Filter>
    </ClInclude>
    <ClInclude Include="..\..\..\addons\ofxGui\src\ofxLabel.h">
      <Filter>addons\ofxGui\src</Filter>
    </ClInclude>
    <ClInclude Include="..\..\..\addons\ofxGui\src\ofxPanel.h">
      <Filter>addons\ofxGui\src</Filter>
    </ClInclude>
    <ClInclude Include="..\..\..\addons\ofxGui\src\ofxSlider.h">
      <Filter>addons\ofxGui\src</Filter>
    </ClInclude>
    <ClInclude Include="..\..\..\addons\ofxGui\src\ofxSliderGroup.h">
      <Filter>addons\ofxGui\src</Filter>
    </ClInclude>
    <ClInclude Include="..\..\..\addons\ofxGui\src\ofxToggle.h">
      <Filter>addons\ofxGui\src</Filter>
    </ClInclude>
    <ClInclude Include="src\ofApp.h">
      <Filter>src</Filter>
    </ClInclude>
    <ClInclude Include="src\Utils\DrawingHelpers.h">
      <Filter>src\Utils</Filter>
    </ClInclude>
    <ClInclude Include="src\Utils\FboPingPong.h">
      <Filter>src\Utils</Filter>
    </ClInclude>
    <ClInclude Include="src\Utils\FileUtils.h">
      <Filter>src\Utils</Filter>
    </ClInclude>
    <ClInclude Include="src\Utils\ofEasyCamExt.h">
      <Filter>src\Utils</Filter>
    </ClInclude>
    <ClInclude Include="src\Utils\ofTrueTypeFontExt.h">
      <Filter>src\Utils</Filter>
    </ClInclude>
    <ClInclude Include="src\Utils\SizeLimitedDeque.h">
      <Filter>src\Utils</Filter>
    </ClInclude>
    <ClInclude Include="src\Utils\Cameras\ofxFirstPersonCamera.h">
      <Filter>src\Utils\Cameras</Filter>
    </ClInclude>
    <ClInclude Include="src\Utils\Cameras\ofxWalkingFirstPersonCamera.h">
      <Filter>src\Utils\Cameras</Filter>
    </ClInclude>
    <ClInclude Include="src\Utils\Cameras\ofxWalkingFirstPersonCameraOculus.h">
      <Filter>src\Utils\Cameras</Filter>
    </ClInclude>
    <ClInclude Include="src\Math\MathUtils.h">
      <Filter>src\Math</Filter>
    </ClInclude>
  </ItemGroup>
  <ItemGroup>
    <ResourceCompile Include="icon.rc" />
  </ItemGroup>
  <ItemGroup>
    <Xml Include="bin\data\Settings\MIDI.xml">
      <Filter>Settings</Filter>
    </Xml>
    <Xml Include="bin\data\Settings\MIDIDesk.xml">
      <Filter>Settings</Filter>
    </Xml>
    <Xml Include="bin\data\Settings\Tracker.xml">
      <Filter>Settings</Filter>
    </Xml>
    <Xml Include="bin\data\Settings\TrackingDataOutput.xml">
      <Filter>Settings</Filter>
    </Xml>
  </ItemGroup>
  <ItemGroup>
    <None Include="bin\data\Shaders\Tendrils\GL2\Tendrils.frag">
      <Filter>Shaders\Tendrils\GL2</Filter>
    </None>
    <None Include="bin\data\Shaders\Tendrils\GL2\Tendrils.geom">
      <Filter>Shaders\Tendrils\GL2</Filter>
    </None>
    <None Include="bin\data\Shaders\Tendrils\GL2\Tendrils.vert">
      <Filter>Shaders\Tendrils\GL2</Filter>
    </None>
  </ItemGroup>
</Project>