<?xml version="1.0" encoding="utf-8"?>
<Project ToolsVersion="4.0" xmlns="http://schemas.microsoft.com/developer/msbuild/2003">
  <ItemGroup>
    <ClCompile Include="src\main.cpp">
      <Filter>src</Filter>
    </ClCompile>
    <ClCompile Include="src\ofApp.cpp">
      <Filter>src</Filter>
    </ClCompile>
    <ClCompile Include="..\..\..\addons\ofxAutoReloadedShader\src\ofxAutoReloadedShader.cpp">
      <Filter>addons\ofxAutoreloadedShader\src</Filter>
    </ClCompile>
    <ClCompile Include="src\Utils\FboPingPong.cpp">
      <Filter>src\Utils</Filter>
    </ClCompile>
    <ClCompile Include="src\Utils\ofEasyCamExt.cpp">
      <Filter>src\Utils</Filter>
    </ClCompile>
    <ClCompile Include="..\..\..\addons\ofxGui\src\ofxBaseGui.cpp">
      <Filter>addons\ofxGui\src</Filter>
    </ClCompile>
    <ClCompile Include="..\..\..\addons\ofxGui\src\ofxButton.cpp">
      <Filter>addons\ofxGui\src</Filter>
    </ClCompile>
    <ClCompile Include="..\..\..\addons\ofxGui\src\ofxGuiGroup.cpp">
      <Filter>addons\ofxGui\src</Filter>
    </ClCompile>
    <ClCompile Include="..\..\..\addons\ofxGui\src\ofxLabel.cpp">
      <Filter>addons\ofxGui\src</Filter>
    </ClCompile>
    <ClCompile Include="..\..\..\addons\ofxGui\src\ofxPanel.cpp">
      <Filter>addons\ofxGui\src</Filter>
    </ClCompile>
    <ClCompile Include="..\..\..\addons\ofxGui\src\ofxSlider.cpp">
      <Filter>addons\ofxGui\src</Filter>
    </ClCompile>
    <ClCompile Include="..\..\..\addons\ofxGui\src\ofxSliderGroup.cpp">
      <Filter>addons\ofxGui\src</Filter>
    </ClCompile>
    <ClCompile Include="..\..\..\addons\ofxGui\src\ofxToggle.cpp">
      <Filter>addons\ofxGui\src</Filter>
    </ClCompile>
    <ClCompile Include="src\ParticleSystemInstancedGeometryGPU.cpp">
      <Filter>src</Filter>
    </ClCompile>
  </ItemGroup>
  <ItemGroup>
    <Filter Include="src">
      <UniqueIdentifier>{d8376475-7454-4a24-b08a-aac121d3ad6f}</UniqueIdentifier>
    </Filter>
    <Filter Include="addons">
      <UniqueIdentifier>{71834F65-F3A9-211E-73B8-DC85}</UniqueIdentifier>
    </Filter>
    <Filter Include="Settings">
      <UniqueIdentifier>{50abfa32-f73c-4124-96e1-fee6cdd5f740}</UniqueIdentifier>
    </Filter>
    <Filter Include="addons\ofxAutoreloadedShader">
      <UniqueIdentifier>{cc028350-4968-4105-93c7-906e10beb461}</UniqueIdentifier>
    </Filter>
    <Filter Include="addons\ofxAutoreloadedShader\src">
      <UniqueIdentifier>{e4f51aab-ab49-4352-82b1-6993c793094e}</UniqueIdentifier>
    </Filter>
    <Filter Include="src\Math">
      <UniqueIdentifier>{2e161eb5-83d2-48f4-8298-ed0d5d6d57c7}</UniqueIdentifier>
    </Filter>
    <Filter Include="src\Utils">
      <UniqueIdentifier>{31f3fd98-b472-42eb-bae9-1c35d1a9087b}</UniqueIdentifier>
    </Filter>
    <Filter Include="src\Utils\Cameras">
      <UniqueIdentifier>{252defba-19d8-4651-9252-ac5f27d84a62}</UniqueIdentifier>
    </Filter>
    <Filter Include="addons\ofxGui">
      <UniqueIdentifier>{af81d304-aae7-4c5f-b1fb-736def4c5f1f}</UniqueIdentifier>
    </Filter>
    <Filter Include="addons\ofxGui\src">
      <UniqueIdentifier>{3908a0bb-d7f6-4c45-8032-afd486c6e6d3}</UniqueIdentifier>
    </Filter>
  </ItemGroup>
  <ItemGroup>
    <ClInclude Include="src\ofApp.h">
      <Filter>src</Filter>
    </ClInclude>
    <ClInclude Include="..\..\..\addons\ofxAutoReloadedShader\src\ofxAutoReloadedShader.h">
      <Filter>addons\ofxAutoreloadedShader\src</Filter>
    </ClInclude>
    <ClInclude Include="src\Math\MathUtils.h">
      <Filter>src\Math</Filter>
    </ClInclude>
    <ClInclude Include="src\Utils\DrawingHelpers.h">
      <Filter>src\Utils</Filter>
    </ClInclude>
    <ClInclude Include="src\Utils\FboPingPong.h">
      <Filter>src\Utils</Filter>
    </ClInclude>
    <ClInclude Include="src\Utils\FileUtils.h">
      <Filter>src\Utils</Filter>
    </ClInclude>
    <ClInclude Include="src\Utils\ofEasyCamExt.h">
      <Filter>src\Utils</Filter>
    </ClInclude>
    <ClInclude Include="src\Utils\ofTrueTypeFontExt.h">
      <Filter>src\Utils</Filter>
    </ClInclude>
    <ClInclude Include="src\Utils\SizeLimitedDeque.h">
      <Filter>src\Utils</Filter>
    </ClInclude>
    <ClInclude Include="src\Utils\Cameras\ofxFirstPersonCamera.h">
      <Filter>src\Utils\Cameras</Filter>
    </ClInclude>
    <ClInclude Include="src\Utils\Cameras\ofxWalkingFirstPersonCamera.h">
      <Filter>src\Utils\Cameras</Filter>
    </ClInclude>
    <ClInclude Include="src\Utils\Cameras\ofxWalkingFirstPersonCameraOculus.h">
      <Filter>src\Utils\Cameras</Filter>
    </ClInclude>
    <ClInclude Include="..\..\..\addons\ofxGui\src\ofxBaseGui.h">
      <Filter>addons\ofxGui\src</Filter>
    </ClInclude>
    <ClInclude Include="..\..\..\addons\ofxGui\src\ofxButton.h">
      <Filter>addons\ofxGui\src</Filter>
    </ClInclude>
    <ClInclude Include="..\..\..\addons\ofxGui\src\ofxGui.h">
      <Filter>addons\ofxGui\src</Filter>
    </ClInclude>
    <ClInclude Include="..\..\..\addons\ofxGui\src\ofxGuiGroup.h">
      <Filter>addons\ofxGui\src</Filter>
    </ClInclude>
    <ClInclude Include="..\..\..\addons\ofxGui\src\ofxLabel.h">
      <Filter>addons\ofxGui\src</Filter>
    </ClInclude>
    <ClInclude Include="..\..\..\addons\ofxGui\src\ofxPanel.h">
      <Filter>addons\ofxGui\src</Filter>
    </ClInclude>
    <ClInclude Include="..\..\..\addons\ofxGui\src\ofxSlider.h">
      <Filter>addons\ofxGui\src</Filter>
    </ClInclude>
    <ClInclude Include="..\..\..\addons\ofxGui\src\ofxSliderGroup.h">
      <Filter>addons\ofxGui\src</Filter>
    </ClInclude>
    <ClInclude Include="..\..\..\addons\ofxGui\src\ofxToggle.h">
      <Filter>addons\ofxGui\src</Filter>
    </ClInclude>
    <ClInclude Include="src\ParticleSystemInstancedGeometryGPU.h">
      <Filter>src</Filter>
    </ClInclude>
  </ItemGroup>
  <ItemGroup>
    <ResourceCompile Include="icon.rc" />
  </ItemGroup>
  <ItemGroup>
    <Xml Include="bin\data\Settings\MIDI.xml">
      <Filter>Settings</Filter>
    </Xml>
    <Xml Include="bin\data\Settings\MIDIDesk.xml">
      <Filter>Settings</Filter>
    </Xml>
    <Xml Include="bin\data\Settings\Tracker.xml">
      <Filter>Settings</Filter>
    </Xml>
    <Xml Include="bin\data\Settings\TrackingDataOutput.xml">
      <Filter>Settings</Filter>
    </Xml>
  </ItemGroup>
</Project>